// !$*UTF8*$!
{
	archiveVersion = 1;
	classes = {
	};
	objectVersion = 50;
	objects = {

/* Begin PBXBuildFile section */
		1939226A218C4F2900C7B564 /* JXBottomSheetView.swift in Sources */ = {isa = PBXBuildFile; fileRef = 19392269218C4F2900C7B564 /* JXBottomSheetView.swift */; };
		19985AB221119B20000DF69B /* AppDelegate.swift in Sources */ = {isa = PBXBuildFile; fileRef = 19985AB121119B20000DF69B /* AppDelegate.swift */; };
		19985AB421119B21000DF69B /* ViewController.swift in Sources */ = {isa = PBXBuildFile; fileRef = 19985AB321119B21000DF69B /* ViewController.swift */; };
		19985AB721119B21000DF69B /* Main.storyboard in Resources */ = {isa = PBXBuildFile; fileRef = 19985AB521119B21000DF69B /* Main.storyboard */; };
		19985AB921119B23000DF69B /* Assets.xcassets in Resources */ = {isa = PBXBuildFile; fileRef = 19985AB821119B23000DF69B /* Assets.xcassets */; };
		19985ABC21119B23000DF69B /* LaunchScreen.storyboard in Resources */ = {isa = PBXBuildFile; fileRef = 19985ABA21119B23000DF69B /* LaunchScreen.storyboard */; };
/* End PBXBuildFile section */

/* Begin PBXFileReference section */
		19392269218C4F2900C7B564 /* JXBottomSheetView.swift */ = {isa = PBXFileReference; fileEncoding = 4; lastKnownFileType = sourcecode.swift; path = JXBottomSheetView.swift; sourceTree = "<group>"; };
		19985AAE21119B20000DF69B /* JXBottomSheetView.app */ = {isa = PBXFileReference; explicitFileType = wrapper.application; includeInIndex = 0; path = JXBottomSheetView.app; sourceTree = BUILT_PRODUCTS_DIR; };
		19985AB121119B20000DF69B /* AppDelegate.swift */ = {isa = PBXFileReference; lastKnownFileType = sourcecode.swift; path = AppDelegate.swift; sourceTree = "<group>"; };
		19985AB321119B21000DF69B /* ViewController.swift */ = {isa = PBXFileReference; lastKnownFileType = sourcecode.swift; path = ViewController.swift; sourceTree = "<group>"; };
		19985AB621119B21000DF69B /* Base */ = {isa = PBXFileReference; lastKnownFileType = file.storyboard; name = Base; path = Base.lproj/Main.storyboard; sourceTree = "<group>"; };
		19985AB821119B23000DF69B /* Assets.xcassets */ = {isa = PBXFileReference; lastKnownFileType = folder.assetcatalog; path = Assets.xcassets; sourceTree = "<group>"; };
		19985ABB21119B23000DF69B /* Base */ = {isa = PBXFileReference; lastKnownFileType = file.storyboard; name = Base; path = Base.lproj/LaunchScreen.storyboard; sourceTree = "<group>"; };
		19985ABD21119B23000DF69B /* Info.plist */ = {isa = PBXFileReference; lastKnownFileType = text.plist.xml; path = Info.plist; sourceTree = "<group>"; };
/* End PBXFileReference section */

/* Begin PBXFrameworksBuildPhase section */
		19985AAB21119B20000DF69B /* Frameworks */ = {
			isa = PBXFrameworksBuildPhase;
			buildActionMask = 2147483647;
			files = (
			);
			runOnlyForDeploymentPostprocessing = 0;
		};
/* End PBXFrameworksBuildPhase section */

/* Begin PBXGroup section */
		19392268218C4F2900C7B564 /* Sources */ = {
			isa = PBXGroup;
			children = (
				19392269218C4F2900C7B564 /* JXBottomSheetView.swift */,
			);
			path = Sources;
			sourceTree = SOURCE_ROOT;
		};
		19985AA521119B20000DF69B = {
			isa = PBXGroup;
			children = (
				19985AB021119B20000DF69B /* JXBottomSheetView */,
				19985AAF21119B20000DF69B /* Products */,
			);
			sourceTree = "<group>";
		};
		19985AAF21119B20000DF69B /* Products */ = {
			isa = PBXGroup;
			children = (
				19985AAE21119B20000DF69B /* JXBottomSheetView.app */,
			);
			name = Products;
			sourceTree = "<group>";
		};
		19985AB021119B20000DF69B /* JXBottomSheetView */ = {
			isa = PBXGroup;
			children = (
				19392268218C4F2900C7B564 /* Sources */,
				19985AB121119B20000DF69B /* AppDelegate.swift */,
				19985AB321119B21000DF69B /* ViewController.swift */,
				19985AB521119B21000DF69B /* Main.storyboard */,
				19985AB821119B23000DF69B /* Assets.xcassets */,
				19985ABA21119B23000DF69B /* LaunchScreen.storyboard */,
				19985ABD21119B23000DF69B /* Info.plist */,
			);
			path = JXBottomSheetView;
			sourceTree = "<group>";
		};
/* End PBXGroup section */

/* Begin PBXNativeTarget section */
		19985AAD21119B20000DF69B /* JXBottomSheetView */ = {
			isa = PBXNativeTarget;
			buildConfigurationList = 19985AC021119B23000DF69B /* Build configuration list for PBXNativeTarget "JXBottomSheetView" */;
			buildPhases = (
				19985AAA21119B20000DF69B /* Sources */,
				19985AAB21119B20000DF69B /* Frameworks */,
				19985AAC21119B20000DF69B /* Resources */,
			);
			buildRules = (
			);
			dependencies = (
			);
			name = JXBottomSheetView;
			productName = JXBottomSheetView;
			productReference = 19985AAE21119B20000DF69B /* JXBottomSheetView.app */;
			productType = "com.apple.product-type.application";
		};
/* End PBXNativeTarget section */

/* Begin PBXProject section */
		19985AA621119B20000DF69B /* Project object */ = {
			isa = PBXProject;
			attributes = {
				LastSwiftUpdateCheck = 0940;
				LastUpgradeCheck = 0940;
				ORGANIZATIONNAME = jiaxin;
				TargetAttributes = {
					19985AAD21119B20000DF69B = {
						CreatedOnToolsVersion = 9.4;
					};
				};
			};
			buildConfigurationList = 19985AA921119B20000DF69B /* Build configuration list for PBXProject "JXBottomSheetView" */;
			compatibilityVersion = "Xcode 9.3";
			developmentRegion = en;
			hasScannedForEncodings = 0;
			knownRegions = (
				en,
				Base,
			);
			mainGroup = 19985AA521119B20000DF69B;
			productRefGroup = 19985AAF21119B20000DF69B /* Products */;
			projectDirPath = "";
			projectRoot = "";
			targets = (
				19985AAD21119B20000DF69B /* JXBottomSheetView */,
			);
		};
/* End PBXProject section */

/* Begin PBXResourcesBuildPhase section */
		19985AAC21119B20000DF69B /* Resources */ = {
			isa = PBXResourcesBuildPhase;
			buildActionMask = 2147483647;
			files = (
				19985ABC21119B23000DF69B /* LaunchScreen.storyboard in Resources */,
				19985AB921119B23000DF69B /* Assets.xcassets in Resources */,
				19985AB721119B21000DF69B /* Main.storyboard in Resources */,
			);
			runOnlyForDeploymentPostprocessing = 0;
		};
/* End PBXResourcesBuildPhase section */

/* Begin PBXSourcesBuildPhase section */
		19985AAA21119B20000DF69B /* Sources */ = {
			isa = PBXSourcesBuildPhase;
			buildActionMask = 2147483647;
			files = (
				19985AB421119B21000DF69B /* ViewController.swift in Sources */,
				1939226A218C4F2900C7B564 /* JXBottomSheetView.swift in Sources */,
				19985AB221119B20000DF69B /* AppDelegate.swift in Sources */,
			);
			runOnlyForDeploymentPostprocessing = 0;
		};
/* End PBXSourcesBuildPhase section */

/* Begin PBXVariantGroup section */
		19985AB521119B21000DF69B /* Main.storyboard */ = {
			isa = PBXVariantGroup;
			children = (
				19985AB621119B21000DF69B /* Base */,
			);
			name = Main.storyboard;
			sourceTree = "<group>";
		};
		19985ABA21119B23000DF69B /* LaunchScreen.storyboard */ = {
			isa = PBXVariantGroup;
			children = (
				19985ABB21119B23000DF69B /* Base */,
			);
			name = LaunchScreen.storyboard;
			sourceTree = "<group>";
		};
/* End PBXVariantGroup section */

/* Begin XCBuildConfiguration section */
		19985ABE21119B23000DF69B /* Debug */ = {
			isa = XCBuildConfiguration;
			buildSettings = {
				ALWAYS_SEARCH_USER_PATHS = NO;
				CLANG_ANALYZER_NONNULL = YES;
				CLANG_ANALYZER_NUMBER_OBJECT_CONVERSION = YES_AGGRESSIVE;
				CLANG_CXX_LANGUAGE_STANDARD = "gnu++14";
				CLANG_CXX_LIBRARY = "libc++";
				CLANG_ENABLE_MODULES = YES;
				CLANG_ENABLE_OBJC_ARC = YES;
				CLANG_ENABLE_OBJC_WEAK = YES;
				CLANG_WARN_BLOCK_CAPTURE_AUTORELEASING = YES;
				CLANG_WARN_BOOL_CONVERSION = YES;
				CLANG_WARN_COMMA = YES;
				CLANG_WARN_CONSTANT_CONVERSION = YES;
				CLANG_WARN_DEPRECATED_OBJC_IMPLEMENTATIONS = YES;
				CLANG_WARN_DIRECT_OBJC_ISA_USAGE = YES_ERROR;
				CLANG_WARN_DOCUMENTATION_COMMENTS = YES;
				CLANG_WARN_EMPTY_BODY = YES;
				CLANG_WARN_ENUM_CONVERSION = YES;
				CLANG_WARN_INFINITE_RECURSION = YES;
				CLANG_WARN_INT_CONVERSION = YES;
				CLANG_WARN_NON_LITERAL_NULL_CONVERSION = YES;
				CLANG_WARN_OBJC_IMPLICIT_RETAIN_SELF = YES;
				CLANG_WARN_OBJC_LITERAL_CONVERSION = YES;
				CLANG_WARN_OBJC_ROOT_CLASS = YES_ERROR;
				CLANG_WARN_RANGE_LOOP_ANALYSIS = YES;
				CLANG_WARN_STRICT_PROTOTYPES = YES;
				CLANG_WARN_SUSPICIOUS_MOVE = YES;
				CLANG_WARN_UNGUARDED_AVAILABILITY = YES_AGGRESSIVE;
				CLANG_WARN_UNREACHABLE_CODE = YES;
				CLANG_WARN__DUPLICATE_METHOD_MATCH = YES;
				CODE_SIGN_IDENTITY = "iPhone Developer";
				COPY_PHASE_STRIP = NO;
				DEBUG_INFORMATION_FORMAT = dwarf;
				ENABLE_STRICT_OBJC_MSGSEND = YES;
				ENABLE_TESTABILITY = YES;
				GCC_C_LANGUAGE_STANDARD = gnu11;
				GCC_DYNAMIC_NO_PIC = NO;
				GCC_NO_COMMON_BLOCKS = YES;
				GCC_OPTIMIZATION_LEVEL = 0;
				GCC_PREPROCESSOR_DEFINITIONS = (
					"DEBUG=1",
					"$(inherited)",
				);
				GCC_WARN_64_TO_32_BIT_CONVERSION = YES;
				GCC_WARN_ABOUT_RETURN_TYPE = YES_ERROR;
				GCC_WARN_UNDECLARED_SELECTOR = YES;
				GCC_WARN_UNINITIALIZED_AUTOS = YES_AGGRESSIVE;
				GCC_WARN_UNUSED_FUNCTION = YES;
				GCC_WARN_UNUSED_VARIABLE = YES;
				IPHONEOS_DEPLOYMENT_TARGET = 11.4;
				MTL_ENABLE_DEBUG_INFO = YES;
				ONLY_ACTIVE_ARCH = YES;
				SDKROOT = iphoneos;
				SWIFT_ACTIVE_COMPILATION_CONDITIONS = DEBUG;
				SWIFT_OPTIMIZATION_LEVEL = "-Onone";
			};
			name = Debug;
		};
		19985ABF21119B23000DF69B /* Release */ = {
			isa = XCBuildConfiguration;
			buildSettings = {
				ALWAYS_SEARCH_USER_PATHS = NO;
				CLANG_ANALYZER_NONNULL = YES;
				CLANG_ANALYZER_NUMBER_OBJECT_CONVERSION = YES_AGGRESSIVE;
				CLANG_CXX_LANGUAGE_STANDARD = "gnu++14";
				CLANG_CXX_LIBRARY = "libc++";
				CLANG_ENABLE_MODULES = YES;
				CLANG_ENABLE_OBJC_ARC = YES;
				CLANG_ENABLE_OBJC_WEAK = YES;
				CLANG_WARN_BLOCK_CAPTURE_AUTORELEASING = YES;
				CLANG_WARN_BOOL_CONVERSION = YES;
				CLANG_WARN_COMMA = YES;
				CLANG_WARN_CONSTANT_CONVERSION = YES;
				CLANG_WARN_DEPRECATED_OBJC_IMPLEMENTATIONS = YES;
				CLANG_WARN_DIRECT_OBJC_ISA_USAGE = YES_ERROR;
				CLANG_WARN_DOCUMENTATION_COMMENTS = YES;
				CLANG_WARN_EMPTY_BODY = YES;
				CLANG_WARN_ENUM_CONVERSION = YES;
				CLANG_WARN_INFINITE_RECURSION = YES;
				CLANG_WARN_INT_CONVERSION = YES;
				CLANG_WARN_NON_LITERAL_NULL_CONVERSION = YES;
				CLANG_WARN_OBJC_IMPLICIT_RETAIN_SELF = YES;
				CLANG_WARN_OBJC_LITERAL_CONVERSION = YES;
				CLANG_WARN_OBJC_ROOT_CLASS = YES_ERROR;
				CLANG_WARN_RANGE_LOOP_ANALYSIS = YES;
				CLANG_WARN_STRICT_PROTOTYPES = YES;
				CLANG_WARN_SUSPICIOUS_MOVE = YES;
				CLANG_WARN_UNGUARDED_AVAILABILITY = YES_AGGRESSIVE;
				CLANG_WARN_UNREACHABLE_CODE = YES;
				CLANG_WARN__DUPLICATE_METHOD_MATCH = YES;
				CODE_SIGN_IDENTITY = "iPhone Developer";
				COPY_PHASE_STRIP = NO;
				DEBUG_INFORMATION_FORMAT = "dwarf-with-dsym";
				ENABLE_NS_ASSERTIONS = NO;
				ENABLE_STRICT_OBJC_MSGSEND = YES;
				GCC_C_LANGUAGE_STANDARD = gnu11;
				GCC_NO_COMMON_BLOCKS = YES;
				GCC_WARN_64_TO_32_BIT_CONVERSION = YES;
				GCC_WARN_ABOUT_RETURN_TYPE = YES_ERROR;
				GCC_WARN_UNDECLARED_SELECTOR = YES;
				GCC_WARN_UNINITIALIZED_AUTOS = YES_AGGRESSIVE;
				GCC_WARN_UNUSED_FUNCTION = YES;
				GCC_WARN_UNUSED_VARIABLE = YES;
				IPHONEOS_DEPLOYMENT_TARGET = 11.4;
				MTL_ENABLE_DEBUG_INFO = NO;
				SDKROOT = iphoneos;
				SWIFT_COMPILATION_MODE = wholemodule;
				SWIFT_OPTIMIZATION_LEVEL = "-O";
				VALIDATE_PRODUCT = YES;
			};
			name = Release;
		};
		19985AC121119B23000DF69B /* Debug */ = {
			isa = XCBuildConfiguration;
			buildSettings = {
				ASSETCATALOG_COMPILER_APPICON_NAME = AppIcon;
				CODE_SIGN_IDENTITY = "iPhone Developer";
				CODE_SIGN_STYLE = Automatic;
				DEVELOPMENT_TEAM = CUHY5967Q2;
				INFOPLIST_FILE = JXBottomSheetView/Info.plist;
				IPHONEOS_DEPLOYMENT_TARGET = 9.0;
				LD_RUNPATH_SEARCH_PATHS = (
					"$(inherited)",
					"@executable_path/Frameworks",
				);
				PRODUCT_BUNDLE_IDENTIFIER = jiaxin.JXBottomSheetView;
				PRODUCT_NAME = "$(TARGET_NAME)";
				PROVISIONING_PROFILE_SPECIFIER = "";
				SWIFT_VERSION = 5.0;
				TARGETED_DEVICE_FAMILY = 1;
			};
			name = Debug;
		};
		19985AC221119B23000DF69B /* Release */ = {
			isa = XCBuildConfiguration;
			buildSettings = {
				ASSETCATALOG_COMPILER_APPICON_NAME = AppIcon;
				CODE_SIGN_IDENTITY = "iPhone Developer";
				CODE_SIGN_STYLE = Automatic;
				DEVELOPMENT_TEAM = CUHY5967Q2;
				INFOPLIST_FILE = JXBottomSheetView/Info.plist;
				IPHONEOS_DEPLOYMENT_TARGET = 9.0;
				LD_RUNPATH_SEARCH_PATHS = (
					"$(inherited)",
					"@executable_path/Frameworks",
				);
				PRODUCT_BUNDLE_IDENTIFIER = jiaxin.JXBottomSheetView;
				PRODUCT_NAME = "$(TARGET_NAME)";
				PROVISIONING_PROFILE_SPECIFIER = "";
				SWIFT_VERSION = 5.0;
				TARGETED_DEVICE_FAMILY = 1;
			};
			name = Release;
		};
/* End XCBuildConfiguration section */

/* Begin XCConfigurationList section */
		19985AA921119B20000DF69B /* Build configuration list for PBXProject "JXBottomSheetView" */ = {
			isa = XCConfigurationList;
			buildConfigurations = (
				19985ABE21119B23000DF69B /* Debug */,
				19985ABF21119B23000DF69B /* Release */,
			);
			defaultConfigurationIsVisible = 0;
			defaultConfigurationName = Release;
		};
		19985AC021119B23000DF69B /* Build configuration list for PBXNativeTarget "JXBottomSheetView" */ = {
			isa = XCConfigurationList;
			buildConfigurations = (
				19985AC121119B23000DF69B /* Debug */,
				19985AC221119B23000DF69B /* Release */,
			);
			defaultConfigurationIsVisible = 0;
			defaultConfigurationName = Release;
		};
/* End XCConfigurationList section */
	};
	rootObject = 19985AA621119B20000DF69B /* Project object */;
}
